
Microsoft Visual Studio Solution File, Format Version 12.00
# Visual Studio Version 17
VisualStudioVersion = 17.8.34309.116
MinimumVisualStudioVersion = 10.0.40219.1
Project("{9A19103F-16F7-4668-BE54-9A1E7A4F7556}") = "StashOfTime", "StashOfTime\StashOfTime.csproj", "{99A361E8-C550-4139-8301-2078AFF3C9A7}"
EndProject
Project("{9A19103F-16F7-4668-BE54-9A1E7A4F7556}") = "SOT_DB", "SOT_DB\SOT_DB.csproj", "{8BBFC69B-64EE-4E77-9620-BD7D91A7C80B}"
EndProject
Project("{9A19103F-16F7-4668-BE54-9A1E7A4F7556}") = "SOT_Core", "SOT_Core\SOT_Core.csproj", "{EFDCAF3E-1637-40CE-A9C6-3B2BEB07180E}"
EndProject
Project("{9A19103F-16F7-4668-BE54-9A1E7A4F7556}") = "SOT_State", "SOT_State\SOT_State.csproj", "{64FB6D7B-F90F-47FE-AE8B-E8A450971F40}"
EndProject
Project("{9A19103F-16F7-4668-BE54-9A1E7A4F7556}") = "SOT_HasH", "SOT_HasH\SOT_HasH.csproj", "{514EA705-719A-4F37-8DBB-CD3EA19D9579}"
EndProject
Project("{FAE04EC0-301F-11D3-BF4B-00C04F79EFBC}") = "SOT_WebServer", "SOT_WebServer\SOT_WebServer.csproj", "{96E77904-7317-4A64-9775-8EBF9F3D3DBB}"
EndProject
Project("{FAE04EC0-301F-11D3-BF4B-00C04F79EFBC}") = "SOT_Instruction", "SOT_Instruction\SOT_Instruction.csproj", "{B9FFF794-7325-478F-99CF-CBB54C207D23}"
EndProject
Global
	GlobalSection(SolutionConfigurationPlatforms) = preSolution
		Debug|Any CPU = Debug|Any CPU
		Release|Any CPU = Release|Any CPU
	EndGlobalSection
	GlobalSection(ProjectConfigurationPlatforms) = postSolution
		{99A361E8-C550-4139-8301-2078AFF3C9A7}.Debug|Any CPU.ActiveCfg = Debug|Any CPU
		{99A361E8-C550-4139-8301-2078AFF3C9A7}.Debug|Any CPU.Build.0 = Debug|Any CPU
		{99A361E8-C550-4139-8301-2078AFF3C9A7}.Release|Any CPU.ActiveCfg = Release|Any CPU
		{99A361E8-C550-4139-8301-2078AFF3C9A7}.Release|Any CPU.Build.0 = Release|Any CPU
		{8BBFC69B-64EE-4E77-9620-BD7D91A7C80B}.Debug|Any CPU.ActiveCfg = Debug|Any CPU
		{8BBFC69B-64EE-4E77-9620-BD7D91A7C80B}.Debug|Any CPU.Build.0 = Debug|Any CPU
		{8BBFC69B-64EE-4E77-9620-BD7D91A7C80B}.Release|Any CPU.ActiveCfg = Release|Any CPU
		{8BBFC69B-64EE-4E77-9620-BD7D91A7C80B}.Release|Any CPU.Build.0 = Release|Any CPU
		{EFDCAF3E-1637-40CE-A9C6-3B2BEB07180E}.Debug|Any CPU.ActiveCfg = Debug|Any CPU
		{EFDCAF3E-1637-40CE-A9C6-3B2BEB07180E}.Debug|Any CPU.Build.0 = Debug|Any CPU
		{EFDCAF3E-1637-40CE-A9C6-3B2BEB07180E}.Release|Any CPU.ActiveCfg = Release|Any CPU
		{EFDCAF3E-1637-40CE-A9C6-3B2BEB07180E}.Release|Any CPU.Build.0 = Release|Any CPU
		{64FB6D7B-F90F-47FE-AE8B-E8A450971F40}.Debug|Any CPU.ActiveCfg = Debug|Any CPU
		{64FB6D7B-F90F-47FE-AE8B-E8A450971F40}.Debug|Any CPU.Build.0 = Debug|Any CPU
		{64FB6D7B-F90F-47FE-AE8B-E8A450971F40}.Release|Any CPU.ActiveCfg = Release|Any CPU
		{64FB6D7B-F90F-47FE-AE8B-E8A450971F40}.Release|Any CPU.Build.0 = Release|Any CPU
		{514EA705-719A-4F37-8DBB-CD3EA19D9579}.Debug|Any CPU.ActiveCfg = Debug|Any CPU
		{514EA705-719A-4F37-8DBB-CD3EA19D9579}.Debug|Any CPU.Build.0 = Debug|Any CPU
		{514EA705-719A-4F37-8DBB-CD3EA19D9579}.Release|Any CPU.ActiveCfg = Release|Any CPU
		{514EA705-719A-4F37-8DBB-CD3EA19D9579}.Release|Any CPU.Build.0 = Release|Any CPU
		{96E77904-7317-4A64-9775-8EBF9F3D3DBB}.Debug|Any CPU.ActiveCfg = Debug|Any CPU
		{96E77904-7317-4A64-9775-8EBF9F3D3DBB}.Debug|Any CPU.Build.0 = Debug|Any CPU
		{96E77904-7317-4A64-9775-8EBF9F3D3DBB}.Release|Any CPU.ActiveCfg = Release|Any CPU
		{96E77904-7317-4A64-9775-8EBF9F3D3DBB}.Release|Any CPU.Build.0 = Release|Any CPU
		{B9FFF794-7325-478F-99CF-CBB54C207D23}.Debug|Any CPU.ActiveCfg = Debug|Any CPU
		{B9FFF794-7325-478F-99CF-CBB54C207D23}.Debug|Any CPU.Build.0 = Debug|Any CPU
		{B9FFF794-7325-478F-99CF-CBB54C207D23}.Release|Any CPU.ActiveCfg = Release|Any CPU
		{B9FFF794-7325-478F-99CF-CBB54C207D23}.Release|Any CPU.Build.0 = Release|Any CPU
	EndGlobalSection
	GlobalSection(SolutionProperties) = preSolution
		HideSolutionNode = FALSE
	EndGlobalSection
	GlobalSection(ExtensibilityGlobals) = postSolution
		SolutionGuid = {087C80C5-0FC9-4F6E-9837-6E0CCE3F72B2}
	EndGlobalSection
EndGlobal
